// !$*UTF8*$!
{
	archiveVersion = 1;
	classes = {
	};
	objectVersion = 55;
	objects = {

/* Begin PBXBuildFile section */
		4446BD1F2820669900695E8E /* AppDelegate.swift in Sources */ = {isa = PBXBuildFile; fileRef = 4446BD1E2820669900695E8E /* AppDelegate.swift */; };
		4446BD212820669900695E8E /* SceneDelegate.swift in Sources */ = {isa = PBXBuildFile; fileRef = 4446BD202820669900695E8E /* SceneDelegate.swift */; };
		4446BD232820669900695E8E /* ViewController.swift in Sources */ = {isa = PBXBuildFile; fileRef = 4446BD222820669900695E8E /* ViewController.swift */; };
		4446BD262820669900695E8E /* Main.storyboard in Resources */ = {isa = PBXBuildFile; fileRef = 4446BD242820669900695E8E /* Main.storyboard */; };
		4446BD282820669B00695E8E /* Assets.xcassets in Resources */ = {isa = PBXBuildFile; fileRef = 4446BD272820669B00695E8E /* Assets.xcassets */; };
		4446BD2B2820669B00695E8E /* LaunchScreen.storyboard in Resources */ = {isa = PBXBuildFile; fileRef = 4446BD292820669B00695E8E /* LaunchScreen.storyboard */; };
		4446BD402820669B00695E8E /* TunnelSandboxUITests.swift in Sources */ = {isa = PBXBuildFile; fileRef = 4446BD3F2820669B00695E8E /* TunnelSandboxUITests.swift */; };
		54B806EFB8A89754D8AAB672 /* Pods_TunnelSandbox.framework in Frameworks */ = {isa = PBXBuildFile; fileRef = F17DE9E47F4879E678D7ABC7 /* Pods_TunnelSandbox.framework */; };
		79F8131A363F20F47EC3B038 /* Pods_TunnelSandboxUITests.framework in Frameworks */ = {isa = PBXBuildFile; fileRef = 6720E193C26628277DF7C43B /* Pods_TunnelSandboxUITests.framework */; };
/* End PBXBuildFile section */

/* Begin PBXContainerItemProxy section */
		4446BD3C2820669B00695E8E /* PBXContainerItemProxy */ = {
			isa = PBXContainerItemProxy;
			containerPortal = 4446BD132820669900695E8E /* Project object */;
			proxyType = 1;
			remoteGlobalIDString = 4446BD1A2820669900695E8E;
			remoteInfo = TunnelSandbox;
		};
/* End PBXContainerItemProxy section */

/* Begin PBXFileReference section */
		1EF7AE5F27A7565E3C9DB028 /* Pods-TunnelSandbox.release.xcconfig */ = {isa = PBXFileReference; includeInIndex = 1; lastKnownFileType = text.xcconfig; name = "Pods-TunnelSandbox.release.xcconfig"; path = "Target Support Files/Pods-TunnelSandbox/Pods-TunnelSandbox.release.xcconfig"; sourceTree = "<group>"; };
		4446BD1B2820669900695E8E /* TunnelSandbox.app */ = {isa = PBXFileReference; explicitFileType = wrapper.application; includeInIndex = 0; path = TunnelSandbox.app; sourceTree = BUILT_PRODUCTS_DIR; };
		4446BD1E2820669900695E8E /* AppDelegate.swift */ = {isa = PBXFileReference; lastKnownFileType = sourcecode.swift; path = AppDelegate.swift; sourceTree = "<group>"; };
		4446BD202820669900695E8E /* SceneDelegate.swift */ = {isa = PBXFileReference; lastKnownFileType = sourcecode.swift; path = SceneDelegate.swift; sourceTree = "<group>"; };
		4446BD222820669900695E8E /* ViewController.swift */ = {isa = PBXFileReference; lastKnownFileType = sourcecode.swift; path = ViewController.swift; sourceTree = "<group>"; };
		4446BD252820669900695E8E /* Base */ = {isa = PBXFileReference; lastKnownFileType = file.storyboard; name = Base; path = Base.lproj/Main.storyboard; sourceTree = "<group>"; };
		4446BD272820669B00695E8E /* Assets.xcassets */ = {isa = PBXFileReference; lastKnownFileType = folder.assetcatalog; path = Assets.xcassets; sourceTree = "<group>"; };
		4446BD2A2820669B00695E8E /* Base */ = {isa = PBXFileReference; lastKnownFileType = file.storyboard; name = Base; path = Base.lproj/LaunchScreen.storyboard; sourceTree = "<group>"; };
		4446BD2C2820669B00695E8E /* Info.plist */ = {isa = PBXFileReference; lastKnownFileType = text.plist.xml; path = Info.plist; sourceTree = "<group>"; };
		4446BD3B2820669B00695E8E /* TunnelSandboxUITests.xctest */ = {isa = PBXFileReference; explicitFileType = wrapper.cfbundle; includeInIndex = 0; path = TunnelSandboxUITests.xctest; sourceTree = BUILT_PRODUCTS_DIR; };
		4446BD3F2820669B00695E8E /* TunnelSandboxUITests.swift */ = {isa = PBXFileReference; lastKnownFileType = sourcecode.swift; path = TunnelSandboxUITests.swift; sourceTree = "<group>"; };
		5DB8A4088FE50C3FFD18F8C4 /* Pods-TunnelSandbox-TunnelSandboxUITests.release.xcconfig */ = {isa = PBXFileReference; includeInIndex = 1; lastKnownFileType = text.xcconfig; name = "Pods-TunnelSandbox-TunnelSandboxUITests.release.xcconfig"; path = "Target Support Files/Pods-TunnelSandbox-TunnelSandboxUITests/Pods-TunnelSandbox-TunnelSandboxUITests.release.xcconfig"; sourceTree = "<group>"; };
		6720E193C26628277DF7C43B /* Pods_TunnelSandboxUITests.framework */ = {isa = PBXFileReference; explicitFileType = wrapper.framework; includeInIndex = 0; path = Pods_TunnelSandboxUITests.framework; sourceTree = BUILT_PRODUCTS_DIR; };
		83237FD6F35CA543921CB46F /* Pods-TunnelSandbox-TunnelSandboxUITests.debug.xcconfig */ = {isa = PBXFileReference; includeInIndex = 1; lastKnownFileType = text.xcconfig; name = "Pods-TunnelSandbox-TunnelSandboxUITests.debug.xcconfig"; path = "Target Support Files/Pods-TunnelSandbox-TunnelSandboxUITests/Pods-TunnelSandbox-TunnelSandboxUITests.debug.xcconfig"; sourceTree = "<group>"; };
		927F471CD4DD61BF75F7792E /* Pods-TunnelSandbox.debug.xcconfig */ = {isa = PBXFileReference; includeInIndex = 1; lastKnownFileType = text.xcconfig; name = "Pods-TunnelSandbox.debug.xcconfig"; path = "Target Support Files/Pods-TunnelSandbox/Pods-TunnelSandbox.debug.xcconfig"; sourceTree = "<group>"; };
		951CBF196688D2174598F97F /* Pods-TunnelSandboxUITests.qa.xcconfig */ = {isa = PBXFileReference; includeInIndex = 1; lastKnownFileType = text.xcconfig; name = "Pods-TunnelSandboxUITests.qa.xcconfig"; path = "Target Support Files/Pods-TunnelSandboxUITests/Pods-TunnelSandboxUITests.qa.xcconfig"; sourceTree = "<group>"; };
		B9FD2DA378332AFBB71AED64 /* Pods-TunnelSandboxUITests.debug.xcconfig */ = {isa = PBXFileReference; includeInIndex = 1; lastKnownFileType = text.xcconfig; name = "Pods-TunnelSandboxUITests.debug.xcconfig"; path = "Target Support Files/Pods-TunnelSandboxUITests/Pods-TunnelSandboxUITests.debug.xcconfig"; sourceTree = "<group>"; };
		C8DB8EA8766A1A52970F992E /* Pods-TunnelSandboxUITests.release.xcconfig */ = {isa = PBXFileReference; includeInIndex = 1; lastKnownFileType = text.xcconfig; name = "Pods-TunnelSandboxUITests.release.xcconfig"; path = "Target Support Files/Pods-TunnelSandboxUITests/Pods-TunnelSandboxUITests.release.xcconfig"; sourceTree = "<group>"; };
		CEB49D32B5646D4EAFDE120E /* Pods-TunnelSandbox.qa.xcconfig */ = {isa = PBXFileReference; includeInIndex = 1; lastKnownFileType = text.xcconfig; name = "Pods-TunnelSandbox.qa.xcconfig"; path = "Target Support Files/Pods-TunnelSandbox/Pods-TunnelSandbox.qa.xcconfig"; sourceTree = "<group>"; };
		F17DE9E47F4879E678D7ABC7 /* Pods_TunnelSandbox.framework */ = {isa = PBXFileReference; explicitFileType = wrapper.framework; includeInIndex = 0; path = Pods_TunnelSandbox.framework; sourceTree = BUILT_PRODUCTS_DIR; };
/* End PBXFileReference section */

/* Begin PBXFrameworksBuildPhase section */
		4446BD182820669900695E8E /* Frameworks */ = {
			isa = PBXFrameworksBuildPhase;
			buildActionMask = 2147483647;
			files = (
				54B806EFB8A89754D8AAB672 /* Pods_TunnelSandbox.framework in Frameworks */,
			);
			runOnlyForDeploymentPostprocessing = 0;
		};
		4446BD382820669B00695E8E /* Frameworks */ = {
			isa = PBXFrameworksBuildPhase;
			buildActionMask = 2147483647;
			files = (
				79F8131A363F20F47EC3B038 /* Pods_TunnelSandboxUITests.framework in Frameworks */,
			);
			runOnlyForDeploymentPostprocessing = 0;
		};
/* End PBXFrameworksBuildPhase section */

/* Begin PBXGroup section */
		248B38D93088CE5D19B5A8EE /* Frameworks */ = {
			isa = PBXGroup;
			children = (
				F17DE9E47F4879E678D7ABC7 /* Pods_TunnelSandbox.framework */,
				6720E193C26628277DF7C43B /* Pods_TunnelSandboxUITests.framework */,
			);
			name = Frameworks;
			sourceTree = "<group>";
		};
		3C6EC21DE6AC2E3FBCCEE574 /* Pods */ = {
			isa = PBXGroup;
			children = (
				927F471CD4DD61BF75F7792E /* Pods-TunnelSandbox.debug.xcconfig */,
				1EF7AE5F27A7565E3C9DB028 /* Pods-TunnelSandbox.release.xcconfig */,
				83237FD6F35CA543921CB46F /* Pods-TunnelSandbox-TunnelSandboxUITests.debug.xcconfig */,
				5DB8A4088FE50C3FFD18F8C4 /* Pods-TunnelSandbox-TunnelSandboxUITests.release.xcconfig */,
				CEB49D32B5646D4EAFDE120E /* Pods-TunnelSandbox.qa.xcconfig */,
				B9FD2DA378332AFBB71AED64 /* Pods-TunnelSandboxUITests.debug.xcconfig */,
				C8DB8EA8766A1A52970F992E /* Pods-TunnelSandboxUITests.release.xcconfig */,
				951CBF196688D2174598F97F /* Pods-TunnelSandboxUITests.qa.xcconfig */,
			);
			path = Pods;
			sourceTree = "<group>";
		};
		4446BD122820669900695E8E = {
			isa = PBXGroup;
			children = (
				4446BD1D2820669900695E8E /* TunnelSandbox */,
				4446BD3E2820669B00695E8E /* TunnelSandboxUITests */,
				4446BD1C2820669900695E8E /* Products */,
				3C6EC21DE6AC2E3FBCCEE574 /* Pods */,
				248B38D93088CE5D19B5A8EE /* Frameworks */,
			);
			sourceTree = "<group>";
		};
		4446BD1C2820669900695E8E /* Products */ = {
			isa = PBXGroup;
			children = (
				4446BD1B2820669900695E8E /* TunnelSandbox.app */,
				4446BD3B2820669B00695E8E /* TunnelSandboxUITests.xctest */,
			);
			name = Products;
			sourceTree = "<group>";
		};
		4446BD1D2820669900695E8E /* TunnelSandbox */ = {
			isa = PBXGroup;
			children = (
				4446BD1E2820669900695E8E /* AppDelegate.swift */,
				4446BD202820669900695E8E /* SceneDelegate.swift */,
				4446BD222820669900695E8E /* ViewController.swift */,
				4446BD242820669900695E8E /* Main.storyboard */,
				4446BD272820669B00695E8E /* Assets.xcassets */,
				4446BD292820669B00695E8E /* LaunchScreen.storyboard */,
				4446BD2C2820669B00695E8E /* Info.plist */,
			);
			path = TunnelSandbox;
			sourceTree = "<group>";
		};
		4446BD3E2820669B00695E8E /* TunnelSandboxUITests */ = {
			isa = PBXGroup;
			children = (
				4446BD3F2820669B00695E8E /* TunnelSandboxUITests.swift */,
			);
			path = TunnelSandboxUITests;
			sourceTree = "<group>";
		};
/* End PBXGroup section */

/* Begin PBXNativeTarget section */
		4446BD1A2820669900695E8E /* TunnelSandbox */ = {
			isa = PBXNativeTarget;
			buildConfigurationList = 4446BD452820669B00695E8E /* Build configuration list for PBXNativeTarget "TunnelSandbox" */;
			buildPhases = (
				C848DC7777A98D14D0C40C57 /* [CP] Check Pods Manifest.lock */,
				4446BD172820669900695E8E /* Sources */,
				4446BD182820669900695E8E /* Frameworks */,
				4446BD192820669900695E8E /* Resources */,
				FC39F0E3A0BC2B53BF268F82 /* [CP] Embed Pods Frameworks */,
			);
			buildRules = (
			);
			dependencies = (
			);
			name = TunnelSandbox;
			productName = TunnelSandbox;
			productReference = 4446BD1B2820669900695E8E /* TunnelSandbox.app */;
			productType = "com.apple.product-type.application";
		};
		4446BD3A2820669B00695E8E /* TunnelSandboxUITests */ = {
			isa = PBXNativeTarget;
			buildConfigurationList = 4446BD4B2820669B00695E8E /* Build configuration list for PBXNativeTarget "TunnelSandboxUITests" */;
			buildPhases = (
				7ED0FED2A0898C8F4B547BE8 /* [CP] Check Pods Manifest.lock */,
				4446BD372820669B00695E8E /* Sources */,
				4446BD382820669B00695E8E /* Frameworks */,
				4446BD392820669B00695E8E /* Resources */,
			);
			buildRules = (
			);
			dependencies = (
				4446BD3D2820669B00695E8E /* PBXTargetDependency */,
			);
			name = TunnelSandboxUITests;
			productName = TunnelSandboxUITests;
			productReference = 4446BD3B2820669B00695E8E /* TunnelSandboxUITests.xctest */;
			productType = "com.apple.product-type.bundle.ui-testing";
		};
/* End PBXNativeTarget section */

/* Begin PBXProject section */
		4446BD132820669900695E8E /* Project object */ = {
			isa = PBXProject;
			attributes = {
				BuildIndependentTargetsInParallel = 1;
				LastSwiftUpdateCheck = 1330;
				LastUpgradeCheck = 1330;
				TargetAttributes = {
					4446BD1A2820669900695E8E = {
						CreatedOnToolsVersion = 13.3;
					};
					4446BD3A2820669B00695E8E = {
						CreatedOnToolsVersion = 13.3;
						TestTargetID = 4446BD1A2820669900695E8E;
					};
				};
			};
			buildConfigurationList = 4446BD162820669900695E8E /* Build configuration list for PBXProject "TunnelSandbox" */;
			compatibilityVersion = "Xcode 13.0";
			developmentRegion = en;
			hasScannedForEncodings = 0;
			knownRegions = (
				en,
				Base,
			);
			mainGroup = 4446BD122820669900695E8E;
			productRefGroup = 4446BD1C2820669900695E8E /* Products */;
			projectDirPath = "";
			projectRoot = "";
			targets = (
				4446BD1A2820669900695E8E /* TunnelSandbox */,
				4446BD3A2820669B00695E8E /* TunnelSandboxUITests */,
			);
		};
/* End PBXProject section */

/* Begin PBXResourcesBuildPhase section */
		4446BD192820669900695E8E /* Resources */ = {
			isa = PBXResourcesBuildPhase;
			buildActionMask = 2147483647;
			files = (
				4446BD2B2820669B00695E8E /* LaunchScreen.storyboard in Resources */,
				4446BD282820669B00695E8E /* Assets.xcassets in Resources */,
				4446BD262820669900695E8E /* Main.storyboard in Resources */,
			);
			runOnlyForDeploymentPostprocessing = 0;
		};
		4446BD392820669B00695E8E /* Resources */ = {
			isa = PBXResourcesBuildPhase;
			buildActionMask = 2147483647;
			files = (
			);
			runOnlyForDeploymentPostprocessing = 0;
		};
/* End PBXResourcesBuildPhase section */

/* Begin PBXShellScriptBuildPhase section */
		7ED0FED2A0898C8F4B547BE8 /* [CP] Check Pods Manifest.lock */ = {
			isa = PBXShellScriptBuildPhase;
			buildActionMask = 2147483647;
			files = (
			);
			inputFileListPaths = (
			);
			inputPaths = (
				"${PODS_PODFILE_DIR_PATH}/Podfile.lock",
				"${PODS_ROOT}/Manifest.lock",
			);
			name = "[CP] Check Pods Manifest.lock";
			outputFileListPaths = (
			);
			outputPaths = (
				"$(DERIVED_FILE_DIR)/Pods-TunnelSandboxUITests-checkManifestLockResult.txt",
			);
			runOnlyForDeploymentPostprocessing = 0;
			shellPath = /bin/sh;
			shellScript = "diff \"${PODS_PODFILE_DIR_PATH}/Podfile.lock\" \"${PODS_ROOT}/Manifest.lock\" > /dev/null\nif [ $? != 0 ] ; then\n    # print error to STDERR\n    echo \"error: The sandbox is not in sync with the Podfile.lock. Run 'pod install' or update your CocoaPods installation.\" >&2\n    exit 1\nfi\n# This output is used by Xcode 'outputs' to avoid re-running this script phase.\necho \"SUCCESS\" > \"${SCRIPT_OUTPUT_FILE_0}\"\n";
			showEnvVarsInLog = 0;
		};
		C848DC7777A98D14D0C40C57 /* [CP] Check Pods Manifest.lock */ = {
			isa = PBXShellScriptBuildPhase;
			buildActionMask = 2147483647;
			files = (
			);
			inputFileListPaths = (
			);
			inputPaths = (
				"${PODS_PODFILE_DIR_PATH}/Podfile.lock",
				"${PODS_ROOT}/Manifest.lock",
			);
			name = "[CP] Check Pods Manifest.lock";
			outputFileListPaths = (
			);
			outputPaths = (
				"$(DERIVED_FILE_DIR)/Pods-TunnelSandbox-checkManifestLockResult.txt",
			);
			runOnlyForDeploymentPostprocessing = 0;
			shellPath = /bin/sh;
			shellScript = "diff \"${PODS_PODFILE_DIR_PATH}/Podfile.lock\" \"${PODS_ROOT}/Manifest.lock\" > /dev/null\nif [ $? != 0 ] ; then\n    # print error to STDERR\n    echo \"error: The sandbox is not in sync with the Podfile.lock. Run 'pod install' or update your CocoaPods installation.\" >&2\n    exit 1\nfi\n# This output is used by Xcode 'outputs' to avoid re-running this script phase.\necho \"SUCCESS\" > \"${SCRIPT_OUTPUT_FILE_0}\"\n";
			showEnvVarsInLog = 0;
		};
		FC39F0E3A0BC2B53BF268F82 /* [CP] Embed Pods Frameworks */ = {
			isa = PBXShellScriptBuildPhase;
			buildActionMask = 2147483647;
			files = (
			);
			inputFileListPaths = (
				"${PODS_ROOT}/Target Support Files/Pods-TunnelSandbox/Pods-TunnelSandbox-frameworks-${CONFIGURATION}-input-files.xcfilelist",
			);
			name = "[CP] Embed Pods Frameworks";
			outputFileListPaths = (
				"${PODS_ROOT}/Target Support Files/Pods-TunnelSandbox/Pods-TunnelSandbox-frameworks-${CONFIGURATION}-output-files.xcfilelist",
			);
			runOnlyForDeploymentPostprocessing = 0;
			shellPath = /bin/sh;
			shellScript = "\"${PODS_ROOT}/Target Support Files/Pods-TunnelSandbox/Pods-TunnelSandbox-frameworks.sh\"\n";
			showEnvVarsInLog = 0;
		};
/* End PBXShellScriptBuildPhase section */

/* Begin PBXSourcesBuildPhase section */
		4446BD172820669900695E8E /* Sources */ = {
			isa = PBXSourcesBuildPhase;
			buildActionMask = 2147483647;
			files = (
				4446BD232820669900695E8E /* ViewController.swift in Sources */,
				4446BD1F2820669900695E8E /* AppDelegate.swift in Sources */,
				4446BD212820669900695E8E /* SceneDelegate.swift in Sources */,
			);
			runOnlyForDeploymentPostprocessing = 0;
		};
		4446BD372820669B00695E8E /* Sources */ = {
			isa = PBXSourcesBuildPhase;
			buildActionMask = 2147483647;
			files = (
				4446BD402820669B00695E8E /* TunnelSandboxUITests.swift in Sources */,
			);
			runOnlyForDeploymentPostprocessing = 0;
		};
/* End PBXSourcesBuildPhase section */

/* Begin PBXTargetDependency section */
		4446BD3D2820669B00695E8E /* PBXTargetDependency */ = {
			isa = PBXTargetDependency;
			target = 4446BD1A2820669900695E8E /* TunnelSandbox */;
			targetProxy = 4446BD3C2820669B00695E8E /* PBXContainerItemProxy */;
		};
/* End PBXTargetDependency section */

/* Begin PBXVariantGroup section */
		4446BD242820669900695E8E /* Main.storyboard */ = {
			isa = PBXVariantGroup;
			children = (
				4446BD252820669900695E8E /* Base */,
			);
			name = Main.storyboard;
			sourceTree = "<group>";
		};
		4446BD292820669B00695E8E /* LaunchScreen.storyboard */ = {
			isa = PBXVariantGroup;
			children = (
				4446BD2A2820669B00695E8E /* Base */,
			);
			name = LaunchScreen.storyboard;
			sourceTree = "<group>";
		};
/* End PBXVariantGroup section */

/* Begin XCBuildConfiguration section */
		4446BD432820669B00695E8E /* Debug */ = {
			isa = XCBuildConfiguration;
			buildSettings = {
				ALWAYS_SEARCH_USER_PATHS = NO;
				CLANG_ANALYZER_NONNULL = YES;
				CLANG_ANALYZER_NUMBER_OBJECT_CONVERSION = YES_AGGRESSIVE;
				CLANG_CXX_LANGUAGE_STANDARD = "gnu++17";
				CLANG_ENABLE_MODULES = YES;
				CLANG_ENABLE_OBJC_ARC = YES;
				CLANG_ENABLE_OBJC_WEAK = YES;
				CLANG_WARN_BLOCK_CAPTURE_AUTORELEASING = YES;
				CLANG_WARN_BOOL_CONVERSION = YES;
				CLANG_WARN_COMMA = YES;
				CLANG_WARN_CONSTANT_CONVERSION = YES;
				CLANG_WARN_DEPRECATED_OBJC_IMPLEMENTATIONS = YES;
				CLANG_WARN_DIRECT_OBJC_ISA_USAGE = YES_ERROR;
				CLANG_WARN_DOCUMENTATION_COMMENTS = YES;
				CLANG_WARN_EMPTY_BODY = YES;
				CLANG_WARN_ENUM_CONVERSION = YES;
				CLANG_WARN_INFINITE_RECURSION = YES;
				CLANG_WARN_INT_CONVERSION = YES;
				CLANG_WARN_NON_LITERAL_NULL_CONVERSION = YES;
				CLANG_WARN_OBJC_IMPLICIT_RETAIN_SELF = YES;
				CLANG_WARN_OBJC_LITERAL_CONVERSION = YES;
				CLANG_WARN_OBJC_ROOT_CLASS = YES_ERROR;
				CLANG_WARN_QUOTED_INCLUDE_IN_FRAMEWORK_HEADER = YES;
				CLANG_WARN_RANGE_LOOP_ANALYSIS = YES;
				CLANG_WARN_STRICT_PROTOTYPES = YES;
				CLANG_WARN_SUSPICIOUS_MOVE = YES;
				CLANG_WARN_UNGUARDED_AVAILABILITY = YES_AGGRESSIVE;
				CLANG_WARN_UNREACHABLE_CODE = YES;
				CLANG_WARN__DUPLICATE_METHOD_MATCH = YES;
				COPY_PHASE_STRIP = NO;
				DEBUG_INFORMATION_FORMAT = dwarf;
				ENABLE_STRICT_OBJC_MSGSEND = YES;
				ENABLE_TESTABILITY = YES;
				GCC_C_LANGUAGE_STANDARD = gnu11;
				GCC_DYNAMIC_NO_PIC = NO;
				GCC_NO_COMMON_BLOCKS = YES;
				GCC_OPTIMIZATION_LEVEL = 0;
				GCC_PREPROCESSOR_DEFINITIONS = (
					"DEBUG=1",
					"$(inherited)",
				);
				GCC_WARN_64_TO_32_BIT_CONVERSION = YES;
				GCC_WARN_ABOUT_RETURN_TYPE = YES_ERROR;
				GCC_WARN_UNDECLARED_SELECTOR = YES;
				GCC_WARN_UNINITIALIZED_AUTOS = YES_AGGRESSIVE;
				GCC_WARN_UNUSED_FUNCTION = YES;
				GCC_WARN_UNUSED_VARIABLE = YES;
				IPHONEOS_DEPLOYMENT_TARGET = 15.4;
				MTL_ENABLE_DEBUG_INFO = INCLUDE_SOURCE;
				MTL_FAST_MATH = YES;
				ONLY_ACTIVE_ARCH = YES;
				SDKROOT = iphoneos;
				SWIFT_ACTIVE_COMPILATION_CONDITIONS = DEBUG;
				SWIFT_OPTIMIZATION_LEVEL = "-Onone";
			};
			name = Debug;
		};
		4446BD442820669B00695E8E /* Release */ = {
			isa = XCBuildConfiguration;
			buildSettings = {
				ALWAYS_SEARCH_USER_PATHS = NO;
				CLANG_ANALYZER_NONNULL = YES;
				CLANG_ANALYZER_NUMBER_OBJECT_CONVERSION = YES_AGGRESSIVE;
				CLANG_CXX_LANGUAGE_STANDARD = "gnu++17";
				CLANG_ENABLE_MODULES = YES;
				CLANG_ENABLE_OBJC_ARC = YES;
				CLANG_ENABLE_OBJC_WEAK = YES;
				CLANG_WARN_BLOCK_CAPTURE_AUTORELEASING = YES;
				CLANG_WARN_BOOL_CONVERSION = YES;
				CLANG_WARN_COMMA = YES;
				CLANG_WARN_CONSTANT_CONVERSION = YES;
				CLANG_WARN_DEPRECATED_OBJC_IMPLEMENTATIONS = YES;
				CLANG_WARN_DIRECT_OBJC_ISA_USAGE = YES_ERROR;
				CLANG_WARN_DOCUMENTATION_COMMENTS = YES;
				CLANG_WARN_EMPTY_BODY = YES;
				CLANG_WARN_ENUM_CONVERSION = YES;
				CLANG_WARN_INFINITE_RECURSION = YES;
				CLANG_WARN_INT_CONVERSION = YES;
				CLANG_WARN_NON_LITERAL_NULL_CONVERSION = YES;
				CLANG_WARN_OBJC_IMPLICIT_RETAIN_SELF = YES;
				CLANG_WARN_OBJC_LITERAL_CONVERSION = YES;
				CLANG_WARN_OBJC_ROOT_CLASS = YES_ERROR;
				CLANG_WARN_QUOTED_INCLUDE_IN_FRAMEWORK_HEADER = YES;
				CLANG_WARN_RANGE_LOOP_ANALYSIS = YES;
				CLANG_WARN_STRICT_PROTOTYPES = YES;
				CLANG_WARN_SUSPICIOUS_MOVE = YES;
				CLANG_WARN_UNGUARDED_AVAILABILITY = YES_AGGRESSIVE;
				CLANG_WARN_UNREACHABLE_CODE = YES;
				CLANG_WARN__DUPLICATE_METHOD_MATCH = YES;
				COPY_PHASE_STRIP = NO;
				DEBUG_INFORMATION_FORMAT = "dwarf-with-dsym";
				ENABLE_NS_ASSERTIONS = NO;
				ENABLE_STRICT_OBJC_MSGSEND = YES;
				GCC_C_LANGUAGE_STANDARD = gnu11;
				GCC_NO_COMMON_BLOCKS = YES;
				GCC_WARN_64_TO_32_BIT_CONVERSION = YES;
				GCC_WARN_ABOUT_RETURN_TYPE = YES_ERROR;
				GCC_WARN_UNDECLARED_SELECTOR = YES;
				GCC_WARN_UNINITIALIZED_AUTOS = YES_AGGRESSIVE;
				GCC_WARN_UNUSED_FUNCTION = YES;
				GCC_WARN_UNUSED_VARIABLE = YES;
				IPHONEOS_DEPLOYMENT_TARGET = 15.4;
				MTL_ENABLE_DEBUG_INFO = NO;
				MTL_FAST_MATH = YES;
				SDKROOT = iphoneos;
				SWIFT_COMPILATION_MODE = wholemodule;
				SWIFT_OPTIMIZATION_LEVEL = "-O";
				VALIDATE_PRODUCT = YES;
			};
			name = Release;
		};
		4446BD462820669B00695E8E /* Debug */ = {
			isa = XCBuildConfiguration;
			baseConfigurationReference = 927F471CD4DD61BF75F7792E /* Pods-TunnelSandbox.debug.xcconfig */;
			buildSettings = {
				ASSETCATALOG_COMPILER_APPICON_NAME = AppIcon;
				ASSETCATALOG_COMPILER_GLOBAL_ACCENT_COLOR_NAME = AccentColor;
				CODE_SIGN_STYLE = Automatic;
				CURRENT_PROJECT_VERSION = 1;
				GENERATE_INFOPLIST_FILE = YES;
				INFOPLIST_FILE = TunnelSandbox/Info.plist;
				INFOPLIST_KEY_UIApplicationSupportsIndirectInputEvents = YES;
				INFOPLIST_KEY_UILaunchStoryboardName = LaunchScreen;
				INFOPLIST_KEY_UIMainStoryboardFile = Main;
				INFOPLIST_KEY_UISupportedInterfaceOrientations_iPad = "UIInterfaceOrientationPortrait UIInterfaceOrientationPortraitUpsideDown UIInterfaceOrientationLandscapeLeft UIInterfaceOrientationLandscapeRight";
				INFOPLIST_KEY_UISupportedInterfaceOrientations_iPhone = "UIInterfaceOrientationPortrait UIInterfaceOrientationLandscapeLeft UIInterfaceOrientationLandscapeRight";
				LD_RUNPATH_SEARCH_PATHS = (
					"$(inherited)",
					"@executable_path/Frameworks",
				);
				MARKETING_VERSION = 1.0;
				PRODUCT_BUNDLE_IDENTIFIER = com.subito.test.TunnelSandbox;
				PRODUCT_NAME = "$(TARGET_NAME)";
				SWIFT_EMIT_LOC_STRINGS = YES;
				SWIFT_VERSION = 5.0;
				TARGETED_DEVICE_FAMILY = "1,2";
			};
			name = Debug;
		};
		4446BD472820669B00695E8E /* Release */ = {
			isa = XCBuildConfiguration;
			baseConfigurationReference = 1EF7AE5F27A7565E3C9DB028 /* Pods-TunnelSandbox.release.xcconfig */;
			buildSettings = {
				ASSETCATALOG_COMPILER_APPICON_NAME = AppIcon;
				ASSETCATALOG_COMPILER_GLOBAL_ACCENT_COLOR_NAME = AccentColor;
				CODE_SIGN_STYLE = Automatic;
				CURRENT_PROJECT_VERSION = 1;
				GENERATE_INFOPLIST_FILE = YES;
				INFOPLIST_FILE = TunnelSandbox/Info.plist;
				INFOPLIST_KEY_UIApplicationSupportsIndirectInputEvents = YES;
				INFOPLIST_KEY_UILaunchStoryboardName = LaunchScreen;
				INFOPLIST_KEY_UIMainStoryboardFile = Main;
				INFOPLIST_KEY_UISupportedInterfaceOrientations_iPad = "UIInterfaceOrientationPortrait UIInterfaceOrientationPortraitUpsideDown UIInterfaceOrientationLandscapeLeft UIInterfaceOrientationLandscapeRight";
				INFOPLIST_KEY_UISupportedInterfaceOrientations_iPhone = "UIInterfaceOrientationPortrait UIInterfaceOrientationLandscapeLeft UIInterfaceOrientationLandscapeRight";
				LD_RUNPATH_SEARCH_PATHS = (
					"$(inherited)",
					"@executable_path/Frameworks",
				);
				MARKETING_VERSION = 1.0;
				PRODUCT_BUNDLE_IDENTIFIER = com.subito.test.TunnelSandbox;
				PRODUCT_NAME = "$(TARGET_NAME)";
				SWIFT_EMIT_LOC_STRINGS = YES;
				SWIFT_VERSION = 5.0;
				TARGETED_DEVICE_FAMILY = "1,2";
			};
			name = Release;
		};
		4446BD4C2820669B00695E8E /* Debug */ = {
			isa = XCBuildConfiguration;
			baseConfigurationReference = B9FD2DA378332AFBB71AED64 /* Pods-TunnelSandboxUITests.debug.xcconfig */;
			buildSettings = {
				ALWAYS_EMBED_SWIFT_STANDARD_LIBRARIES = YES;
				CODE_SIGN_STYLE = Automatic;
				CURRENT_PROJECT_VERSION = 1;
				GENERATE_INFOPLIST_FILE = YES;
				MARKETING_VERSION = 1.0;
				PRODUCT_BUNDLE_IDENTIFIER = com.subito.test.TunnelSandboxUITests;
				PRODUCT_NAME = "$(TARGET_NAME)";
				SWIFT_EMIT_LOC_STRINGS = NO;
				SWIFT_VERSION = 5.0;
				TARGETED_DEVICE_FAMILY = "1,2";
				TEST_TARGET_NAME = TunnelSandbox;
			};
			name = Debug;
		};
		4446BD4D2820669B00695E8E /* Release */ = {
			isa = XCBuildConfiguration;
			baseConfigurationReference = C8DB8EA8766A1A52970F992E /* Pods-TunnelSandboxUITests.release.xcconfig */;
			buildSettings = {
				ALWAYS_EMBED_SWIFT_STANDARD_LIBRARIES = YES;
				CODE_SIGN_STYLE = Automatic;
				CURRENT_PROJECT_VERSION = 1;
				GENERATE_INFOPLIST_FILE = YES;
				MARKETING_VERSION = 1.0;
				PRODUCT_BUNDLE_IDENTIFIER = com.subito.test.TunnelSandboxUITests;
				PRODUCT_NAME = "$(TARGET_NAME)";
				SWIFT_EMIT_LOC_STRINGS = NO;
				SWIFT_VERSION = 5.0;
				TARGETED_DEVICE_FAMILY = "1,2";
				TEST_TARGET_NAME = TunnelSandbox;
			};
			name = Release;
		};
		4446BD4E28206AB000695E8E /* QA */ = {
			isa = XCBuildConfiguration;
			buildSettings = {
				ALWAYS_SEARCH_USER_PATHS = NO;
				CLANG_ANALYZER_NONNULL = YES;
				CLANG_ANALYZER_NUMBER_OBJECT_CONVERSION = YES_AGGRESSIVE;
				CLANG_CXX_LANGUAGE_STANDARD = "gnu++17";
				CLANG_ENABLE_MODULES = YES;
				CLANG_ENABLE_OBJC_ARC = YES;
				CLANG_ENABLE_OBJC_WEAK = YES;
				CLANG_WARN_BLOCK_CAPTURE_AUTORELEASING = YES;
				CLANG_WARN_BOOL_CONVERSION = YES;
				CLANG_WARN_COMMA = YES;
				CLANG_WARN_CONSTANT_CONVERSION = YES;
				CLANG_WARN_DEPRECATED_OBJC_IMPLEMENTATIONS = YES;
				CLANG_WARN_DIRECT_OBJC_ISA_USAGE = YES_ERROR;
				CLANG_WARN_DOCUMENTATION_COMMENTS = YES;
				CLANG_WARN_EMPTY_BODY = YES;
				CLANG_WARN_ENUM_CONVERSION = YES;
				CLANG_WARN_INFINITE_RECURSION = YES;
				CLANG_WARN_INT_CONVERSION = YES;
				CLANG_WARN_NON_LITERAL_NULL_CONVERSION = YES;
				CLANG_WARN_OBJC_IMPLICIT_RETAIN_SELF = YES;
				CLANG_WARN_OBJC_LITERAL_CONVERSION = YES;
				CLANG_WARN_OBJC_ROOT_CLASS = YES_ERROR;
				CLANG_WARN_QUOTED_INCLUDE_IN_FRAMEWORK_HEADER = YES;
				CLANG_WARN_RANGE_LOOP_ANALYSIS = YES;
				CLANG_WARN_STRICT_PROTOTYPES = YES;
				CLANG_WARN_SUSPICIOUS_MOVE = YES;
				CLANG_WARN_UNGUARDED_AVAILABILITY = YES_AGGRESSIVE;
				CLANG_WARN_UNREACHABLE_CODE = YES;
				CLANG_WARN__DUPLICATE_METHOD_MATCH = YES;
				COPY_PHASE_STRIP = NO;
				DEBUG_INFORMATION_FORMAT = "dwarf-with-dsym";
				ENABLE_NS_ASSERTIONS = NO;
				ENABLE_STRICT_OBJC_MSGSEND = YES;
				GCC_C_LANGUAGE_STANDARD = gnu11;
				GCC_NO_COMMON_BLOCKS = YES;
				GCC_PREPROCESSOR_DEFINITIONS = "ENABLE_UITUNNEL=1";
				GCC_WARN_64_TO_32_BIT_CONVERSION = YES;
				GCC_WARN_ABOUT_RETURN_TYPE = YES_ERROR;
				GCC_WARN_UNDECLARED_SELECTOR = YES;
				GCC_WARN_UNINITIALIZED_AUTOS = YES_AGGRESSIVE;
				GCC_WARN_UNUSED_FUNCTION = YES;
				GCC_WARN_UNUSED_VARIABLE = YES;
				IPHONEOS_DEPLOYMENT_TARGET = 15.4;
				MTL_ENABLE_DEBUG_INFO = NO;
				MTL_FAST_MATH = YES;
				SDKROOT = iphoneos;
				SWIFT_COMPILATION_MODE = wholemodule;
				SWIFT_OPTIMIZATION_LEVEL = "-O";
				VALIDATE_PRODUCT = YES;
			};
			name = QA;
		};
		4446BD4F28206AB000695E8E /* QA */ = {
			isa = XCBuildConfiguration;
			baseConfigurationReference = CEB49D32B5646D4EAFDE120E /* Pods-TunnelSandbox.qa.xcconfig */;
			buildSettings = {
				ASSETCATALOG_COMPILER_APPICON_NAME = AppIcon;
				ASSETCATALOG_COMPILER_GLOBAL_ACCENT_COLOR_NAME = AccentColor;
				CODE_SIGN_STYLE = Automatic;
				CURRENT_PROJECT_VERSION = 1;
				GENERATE_INFOPLIST_FILE = YES;
				INFOPLIST_FILE = TunnelSandbox/Info.plist;
				INFOPLIST_KEY_UIApplicationSupportsIndirectInputEvents = YES;
				INFOPLIST_KEY_UILaunchStoryboardName = LaunchScreen;
				INFOPLIST_KEY_UIMainStoryboardFile = Main;
				INFOPLIST_KEY_UISupportedInterfaceOrientations_iPad = "UIInterfaceOrientationPortrait UIInterfaceOrientationPortraitUpsideDown UIInterfaceOrientationLandscapeLeft UIInterfaceOrientationLandscapeRight";
				INFOPLIST_KEY_UISupportedInterfaceOrientations_iPhone = "UIInterfaceOrientationPortrait UIInterfaceOrientationLandscapeLeft UIInterfaceOrientationLandscapeRight";
				LD_RUNPATH_SEARCH_PATHS = (
					"$(inherited)",
					"@executable_path/Frameworks",
				);
				MARKETING_VERSION = 1.0;
				PRODUCT_BUNDLE_IDENTIFIER = com.subito.test.TunnelSandbox;
				PRODUCT_NAME = "$(TARGET_NAME)";
				SWIFT_EMIT_LOC_STRINGS = YES;
				SWIFT_VERSION = 5.0;
				TARGETED_DEVICE_FAMILY = "1,2";
			};
			name = QA;
		};
		4446BD5128206AB000695E8E /* QA */ = {
			isa = XCBuildConfiguration;
			baseConfigurationReference = 951CBF196688D2174598F97F /* Pods-TunnelSandboxUITests.qa.xcconfig */;
			buildSettings = {
				ALWAYS_EMBED_SWIFT_STANDARD_LIBRARIES = YES;
				CODE_SIGN_STYLE = Automatic;
				CURRENT_PROJECT_VERSION = 1;
				GENERATE_INFOPLIST_FILE = YES;
				MARKETING_VERSION = 1.0;
				PRODUCT_BUNDLE_IDENTIFIER = com.subito.test.TunnelSandboxUITests;
				PRODUCT_NAME = "$(TARGET_NAME)";
				SWIFT_EMIT_LOC_STRINGS = NO;
				SWIFT_VERSION = 5.0;
				TARGETED_DEVICE_FAMILY = "1,2";
				TEST_TARGET_NAME = TunnelSandbox;
			};
			name = QA;
		};
/* End XCBuildConfiguration section */

/* Begin XCConfigurationList section */
		4446BD162820669900695E8E /* Build configuration list for PBXProject "TunnelSandbox" */ = {
			isa = XCConfigurationList;
			buildConfigurations = (
				4446BD432820669B00695E8E /* Debug */,
				4446BD442820669B00695E8E /* Release */,
				4446BD4E28206AB000695E8E /* QA */,
			);
			defaultConfigurationIsVisible = 0;
			defaultConfigurationName = Release;
		};
		4446BD452820669B00695E8E /* Build configuration list for PBXNativeTarget "TunnelSandbox" */ = {
			isa = XCConfigurationList;
			buildConfigurations = (
				4446BD462820669B00695E8E /* Debug */,
				4446BD472820669B00695E8E /* Release */,
				4446BD4F28206AB000695E8E /* QA */,
			);
			defaultConfigurationIsVisible = 0;
			defaultConfigurationName = Release;
		};
		4446BD4B2820669B00695E8E /* Build configuration list for PBXNativeTarget "TunnelSandboxUITests" */ = {
			isa = XCConfigurationList;
			buildConfigurations = (
				4446BD4C2820669B00695E8E /* Debug */,
				4446BD4D2820669B00695E8E /* Release */,
				4446BD5128206AB000695E8E /* QA */,
			);
			defaultConfigurationIsVisible = 0;
			defaultConfigurationName = Release;
		};
/* End XCConfigurationList section */
	};
	rootObject = 4446BD132820669900695E8E /* Project object */;
}
